{
  "version": 4,
  "terraform_version": "1.1.8",
  "serial": 284,
  "lineage": "b639c43e-c9fe-6906-545a-4dc505f0c7b4",
  "outputs": {},
  "resources": [
    {
      "mode": "data",
      "type": "aws_subnet_ids",
      "name": "vpc_subnet",
      "provider": "provider[\"registry.terraform.io/hashicorp/aws\"]",
      "instances": [
        {
          "schema_version": 0,
          "attributes": {
            "filter": null,
            "id": "vpc-04c79016177929144",
            "ids": [
              "subnet-0b8137edef1a8fb3d",
              "subnet-0fb70f5227a9fb003"
            ],
            "tags": null,
            "vpc_id": "vpc-04c79016177929144"
          },
          "sensitive_attributes": []
        }
      ]
    },
    {
      "mode": "data",
      "type": "aws_vpc",
      "name": "vpc",
      "provider": "provider[\"registry.terraform.io/hashicorp/aws\"]",
      "instances": [
        {
          "schema_version": 0,
          "attributes": {
            "arn": "arn:aws:ec2:ap-southeast-1:596917627629:vpc/vpc-04c79016177929144",
            "cidr_block": "10.0.0.0/24",
            "cidr_block_associations": [
              {
                "association_id": "vpc-cidr-assoc-055f55e795ca20b12",
                "cidr_block": "10.0.0.0/24",
                "state": "associated"
              }
            ],
            "default": false,
            "dhcp_options_id": "dopt-70bfa917",
            "enable_dns_hostnames": true,
            "enable_dns_support": true,
            "filter": null,
            "id": "vpc-04c79016177929144",
            "instance_tenancy": "default",
            "ipv6_association_id": "",
            "ipv6_cidr_block": "",
            "main_route_table_id": "rtb-0a85178cf5fb781e3",
            "owner_id": "596917627629",
            "state": null,
            "tags": {
              "Name": "sej-dfa-vpc"
            }
          },
          "sensitive_attributes": []
        }
      ]
    },
    {
      "module": "module.ecs",
      "mode": "managed",
      "type": "aws_ecs_cluster",
      "name": "main",
      "provider": "provider[\"registry.terraform.io/hashicorp/aws\"]",
      "instances": [
        {
          "schema_version": 0,
          "attributes": {
            "arn": "arn:aws:ecs:ap-southeast-1:596917627629:cluster/dreams-app-cluster",
            "capacity_providers": [],
            "configuration": [],
            "default_capacity_provider_strategy": [],
            "id": "arn:aws:ecs:ap-southeast-1:596917627629:cluster/dreams-app-cluster",
            "name": "dreams-app-cluster",
            "setting": [
              {
                "name": "containerInsights",
                "value": "enabled"
              }
            ],
            "tags": null,
            "tags_all": {}
          },
          "sensitive_attributes": [],
          "private": "bnVsbA=="
        }
      ]
    },
    {
      "module": "module.ecs",
      "mode": "managed",
      "type": "aws_iam_policy",
      "name": "app-mesh-envoy",
      "provider": "provider[\"registry.terraform.io/hashicorp/aws\"]",
      "instances": [
        {
          "schema_version": 0,
          "attributes": {
            "arn": "arn:aws:iam::596917627629:policy/dm-mesh_envoy",
            "description": "",
            "id": "arn:aws:iam::596917627629:policy/dm-mesh_envoy",
            "name": "dm-mesh_envoy",
            "name_prefix": null,
            "path": "/",
            "policy": "{\"Statement\":[{\"Action\":[\"appmesh:*\"],\"Effect\":\"Allow\",\"Resource\":\"*\"},{\"Action\":[\"iam:CreateServiceLinkedRole\"],\"Condition\":{\"StringLike\":{\"iam:AWSServiceName\":[\"appmesh.amazonaws.com\"]}},\"Effect\":\"Allow\",\"Resource\":\"arn:aws:iam::*:role/aws-service-role/appmesh.amazonaws.com/AWSServiceRoleForAppMesh\"},{\"Action\":[\"cloudformation:CreateStack\",\"cloudformation:DeleteStack\",\"cloudformation:DescribeStack*\",\"cloudformation:UpdateStack\"],\"Effect\":\"Allow\",\"Resource\":\"arn:aws:cloudformation:*:*:stack/AWSAppMesh-GettingStarted-*\"},{\"Action\":[\"acm:ListCertificates\",\"acm:DescribeCertificate\",\"acm-pca:DescribeCertificateAuthority\",\"acm-pca:ListCertificateAuthorities\"],\"Effect\":\"Allow\",\"Resource\":\"*\"},{\"Action\":[\"servicediscovery:ListNamespaces\",\"servicediscovery:ListServices\",\"servicediscovery:ListInstances\"],\"Effect\":\"Allow\",\"Resource\":\"*\"}],\"Version\":\"2012-10-17\"}",
            "policy_id": "ANPAYV6YQFLWWVFPXB66X",
            "tags": null,
            "tags_all": {}
          },
          "sensitive_attributes": [],
          "private": "bnVsbA=="
        }
      ]
    },
    {
      "module": "module.ecs",
      "mode": "managed",
      "type": "aws_iam_policy",
      "name": "cognito",
      "provider": "provider[\"registry.terraform.io/hashicorp/aws\"]",
      "instances": [
        {
          "schema_version": 0,
          "attributes": {
            "arn": "arn:aws:iam::596917627629:policy/dm-cognito-super-user",
            "description": "",
            "id": "arn:aws:iam::596917627629:policy/dm-cognito-super-user",
            "name": "dm-cognito-super-user",
            "name_prefix": null,
            "path": "/",
            "policy": "{\"Statement\":[{\"Action\":[\"cognito-identity:*\",\"cognito-idp:*\",\"cognito-sync:*\",\"iam:ListRoles\",\"iam:ListOpenIdConnectProviders\",\"sns:ListPlatformApplications\",\"iam:GetRole\",\"iam:ListOpenIDConnectProviders\",\"iam:ListRoles\",\"iam:ListSAMLProviders\",\"iam:GetSAMLProvider\",\"kinesis:ListStreams\",\"lambda:GetPolicy\",\"lambda:ListFunctions\",\"sns:ListPlatformApplications\",\"ses:ListIdentities\",\"ses:GetIdentityVerificationAttributes\",\"mobiletargeting:GetApps\",\"acm:ListCertificates\"],\"Effect\":\"Allow\",\"Resource\":\"*\"},{\"Action\":\"iam:CreateServiceLinkedRole\",\"Condition\":{\"StringEquals\":{\"iam:AWSServiceName\":[\"cognito-idp.amazonaws.com\",\"email.cognito-idp.amazonaws.com\"]}},\"Effect\":\"Allow\",\"Resource\":\"*\"},{\"Action\":[\"iam:DeleteServiceLinkedRole\",\"iam:GetServiceLinkedRoleDeletionStatus\"],\"Effect\":\"Allow\",\"Resource\":[\"arn:aws:iam::*:role/aws-service-role/cognito-idp.amazonaws.com/AWSServiceRoleForAmazonCognitoIdp*\",\"arn:aws:iam::*:role/aws-service-role/email.cognito-idp.amazonaws.com/AWSServiceRoleForAmazonCognitoIdpEmail*\"]}],\"Version\":\"2012-10-17\"}",
            "policy_id": "ANPAYV6YQFLWSIAZGI2DC",
            "tags": null,
            "tags_all": {}
          },
          "sensitive_attributes": [],
          "private": "bnVsbA=="
        }
      ]
    },
    {
      "module": "module.ecs",
      "mode": "managed",
      "type": "aws_iam_policy",
      "name": "ecr",
      "provider": "provider[\"registry.terraform.io/hashicorp/aws\"]",
      "instances": [
        {
          "schema_version": 0,
          "attributes": {
            "arn": "arn:aws:iam::596917627629:policy/dm-ecr_read",
            "description": "",
            "id": "arn:aws:iam::596917627629:policy/dm-ecr_read",
            "name": "dm-ecr_read",
            "name_prefix": null,
            "path": "/",
            "policy": "{\"Statement\":[{\"Action\":[\"ecr:GetAuthorizationToken\",\"ecr:BatchCheckLayerAvailability\",\"ecr:GetDownloadUrlForLayer\",\"ecr:GetRepositoryPolicy\",\"ecr:DescribeRepositories\",\"ecr:ListImages\",\"ecr:DescribeImages\",\"ecr:BatchGetImage\",\"ecr:GetLifecyclePolicy\",\"ecr:GetLifecyclePolicyPreview\",\"ecr:ListTagsForResource\",\"ecr:DescribeImageScanFindings\"],\"Effect\":\"Allow\",\"Resource\":\"*\"}],\"Version\":\"2012-10-17\"}",
            "policy_id": "ANPAYV6YQFLWWGBOVOXZI",
            "tags": null,
            "tags_all": {}
          },
          "sensitive_attributes": [],
          "private": "bnVsbA=="
        }
      ]
    },
    {
      "module": "module.ecs",
      "mode": "managed",
      "type": "aws_iam_policy",
      "name": "invoke_lambda",
      "provider": "provider[\"registry.terraform.io/hashicorp/aws\"]",
      "instances": [
        {
          "schema_version": 0,
          "attributes": {
            "arn": "arn:aws:iam::596917627629:policy/dm-invoke_lambda",
            "description": "",
            "id": "arn:aws:iam::596917627629:policy/dm-invoke_lambda",
            "name": "dm-invoke_lambda",
            "name_prefix": null,
            "path": "/",
            "policy": "{\"Statement\":[{\"Action\":[\"lambda:InvokeFunction\"],\"Effect\":\"Allow\",\"Resource\":\"*\",\"Sid\":\"Invoke\"}],\"Version\":\"2012-10-17\"}",
            "policy_id": "ANPAYV6YQFLW4OOHGMBCM",
            "tags": null,
            "tags_all": {}
          },
          "sensitive_attributes": [],
          "private": "bnVsbA=="
        }
      ]
    },
    {
      "module": "module.ecs",
      "mode": "managed",
      "type": "aws_iam_policy",
      "name": "s3",
      "provider": "provider[\"registry.terraform.io/hashicorp/aws\"]",
      "instances": [
        {
          "schema_version": 0,
          "attributes": {
            "arn": "arn:aws:iam::596917627629:policy/dm-s3_policy",
            "description": "",
            "id": "arn:aws:iam::596917627629:policy/dm-s3_policy",
            "name": "dm-s3_policy",
            "name_prefix": null,
            "path": "/",
            "policy": "{\"Statement\":[{\"Action\":\"s3:*\",\"Effect\":\"Allow\",\"Resource\":\"*\"}],\"Version\":\"2012-10-17\"}",
            "policy_id": "ANPAYV6YQFLWQVDFSEV7V",
            "tags": null,
            "tags_all": {}
          },
          "sensitive_attributes": [],
          "private": "bnVsbA=="
        }
      ]
    },
    {
      "module": "module.ecs",
      "mode": "managed",
      "type": "aws_iam_policy",
      "name": "xray",
      "provider": "provider[\"registry.terraform.io/hashicorp/aws\"]",
      "instances": [
        {
          "schema_version": 0,
          "attributes": {
            "arn": "arn:aws:iam::596917627629:policy/dm-xray",
            "description": "",
            "id": "arn:aws:iam::596917627629:policy/dm-xray",
            "name": "dm-xray",
            "name_prefix": null,
            "path": "/",
            "policy": "{\"Statement\":[{\"Action\":[\"xray:PutTraceSegments\",\"xray:PutTelemetryRecords\",\"xray:GetSamplingRules\",\"xray:GetSamplingTargets\",\"xray:GetSamplingStatisticSummaries\"],\"Effect\":\"Allow\",\"Resource\":[\"*\"]}],\"Version\":\"2012-10-17\"}",
            "policy_id": "ANPAYV6YQFLW6JNZJ7SUS",
            "tags": null,
            "tags_all": {}
          },
          "sensitive_attributes": [],
          "private": "bnVsbA=="
        }
      ]
    },
    {
      "module": "module.ecs",
      "mode": "managed",
      "type": "aws_iam_role",
      "name": "ecs_task_execution_role",
      "provider": "provider[\"registry.terraform.io/hashicorp/aws\"]",
      "instances": [
        {
          "schema_version": 0,
          "attributes": {
            "arn": "arn:aws:iam::596917627629:role/dreams-app-ecsTaskExecutionRole",
            "assume_role_policy": "{\"Version\":\"2012-10-17\",\"Statement\":[{\"Sid\":\"\",\"Effect\":\"Allow\",\"Principal\":{\"Service\":\"ecs-tasks.amazonaws.com\"},\"Action\":\"sts:AssumeRole\"}]}",
            "create_date": "2022-09-07T04:18:43Z",
            "description": "",
            "force_detach_policies": false,
            "id": "dreams-app-ecsTaskExecutionRole",
            "inline_policy": [
              {
                "name": "",
                "policy": ""
              }
            ],
            "managed_policy_arns": [
              "arn:aws:iam::596917627629:policy/dm-ecr_read",
              "arn:aws:iam::596917627629:policy/dm-s3_policy",
              "arn:aws:iam::aws:policy/AmazonSSMReadOnlyAccess",
              "arn:aws:iam::aws:policy/CloudWatchLogsFullAccess",
              "arn:aws:iam::aws:policy/service-role/AmazonECSTaskExecutionRolePolicy"
            ],
            "max_session_duration": 3600,
            "name": "dreams-app-ecsTaskExecutionRole",
            "name_prefix": "",
            "path": "/",
            "permissions_boundary": null,
            "tags": null,
            "tags_all": {},
            "unique_id": "AROAYV6YQFLWYEMCTCUUA"
          },
          "sensitive_attributes": [],
          "private": "bnVsbA==",
          "dependencies": [
            "module.ecs.aws_iam_policy.ecr",
            "module.ecs.aws_iam_policy.s3"
          ]
        }
      ]
    },
    {
      "module": "module.ecs",
      "mode": "managed",
      "type": "aws_iam_role",
      "name": "ecs_task_role",
      "provider": "provider[\"registry.terraform.io/hashicorp/aws\"]",
      "instances": [
        {
          "schema_version": 0,
          "attributes": {
            "arn": "arn:aws:iam::596917627629:role/dreams-app-ecsTaskRole",
            "assume_role_policy": "{\"Version\":\"2012-10-17\",\"Statement\":[{\"Sid\":\"\",\"Effect\":\"Allow\",\"Principal\":{\"Service\":\"ecs-tasks.amazonaws.com\"},\"Action\":\"sts:AssumeRole\"}]}",
            "create_date": "2022-09-07T04:18:43Z",
            "description": "",
            "force_detach_policies": false,
            "id": "dreams-app-ecsTaskRole",
            "inline_policy": [
              {
                "name": "",
                "policy": ""
              }
            ],
            "managed_policy_arns": [
              "arn:aws:iam::596917627629:policy/dm-cognito-super-user",
              "arn:aws:iam::596917627629:policy/dm-invoke_lambda",
              "arn:aws:iam::596917627629:policy/dm-mesh_envoy",
              "arn:aws:iam::596917627629:policy/dm-xray",
              "arn:aws:iam::aws:policy/AWSCodeCommitPowerUser",
              "arn:aws:iam::aws:policy/AmazonDynamoDBFullAccess",
              "arn:aws:iam::aws:policy/AmazonKinesisFullAccess",
              "arn:aws:iam::aws:policy/CloudWatchFullAccess"
            ],
            "max_session_duration": 3600,
            "name": "dreams-app-ecsTaskRole",
            "name_prefix": "",
            "path": "/",
            "permissions_boundary": null,
            "tags": null,
            "tags_all": {},
            "unique_id": "AROAYV6YQFLWSHL4B6R2M"
          },
          "sensitive_attributes": [],
          "private": "bnVsbA==",
          "dependencies": [
            "module.ecs.aws_iam_policy.app-mesh-envoy",
            "module.ecs.aws_iam_policy.cognito",
            "module.ecs.aws_iam_policy.invoke_lambda",
            "module.ecs.aws_iam_policy.xray"
          ]
        }
      ]
    },
    {
      "module": "module.ecs",
      "mode": "managed",
      "type": "aws_iam_role_policy_attachment",
      "name": "ecs-task-execution-role-policy-attachment",
      "provider": "provider[\"registry.terraform.io/hashicorp/aws\"]",
      "instances": [
        {
          "schema_version": 0,
          "attributes": {
            "id": "dreams-app-ecsTaskExecutionRole-20220907041846047400000001",
            "policy_arn": "arn:aws:iam::aws:policy/service-role/AmazonECSTaskExecutionRolePolicy",
            "role": "dreams-app-ecsTaskExecutionRole"
          },
          "sensitive_attributes": [],
          "private": "bnVsbA==",
          "dependencies": [
            "module.ecs.aws_iam_policy.ecr",
            "module.ecs.aws_iam_policy.s3",
            "module.ecs.aws_iam_role.ecs_task_execution_role"
          ]
        }
      ]
    },
    {
      "module": "module.gateway",
      "mode": "managed",
      "type": "aws_api_gateway_deployment",
      "name": "api-deployment",
      "provider": "provider[\"registry.terraform.io/hashicorp/aws\"]",
      "instances": []
    },
    {
      "module": "module.gateway",
      "mode": "managed",
      "type": "aws_api_gateway_rest_api",
      "name": "gojo-api",
      "provider": "provider[\"registry.terraform.io/hashicorp/aws\"]",
      "instances": []
    },
    {
      "module": "module.gateway",
      "mode": "managed",
      "type": "aws_api_gateway_stage",
      "name": "api-dev",
      "provider": "provider[\"registry.terraform.io/hashicorp/aws\"]",
      "instances": []
    },
    {
      "module": "module.main-loadbalancer",
      "mode": "managed",
      "type": "aws_lb",
      "name": "main",
      "provider": "provider[\"registry.terraform.io/hashicorp/aws\"]",
      "instances": [
        {
          "schema_version": 0,
          "attributes": {
            "access_logs": [
              {
                "bucket": "",
                "enabled": false,
                "prefix": ""
              }
            ],
            "arn": "arn:aws:elasticloadbalancing:ap-southeast-1:596917627629:loadbalancer/net/dreams-app-lb/2dcb1b81b1a6a997",
            "arn_suffix": "net/dreams-app-lb/2dcb1b81b1a6a997",
            "customer_owned_ipv4_pool": "",
            "desync_mitigation_mode": null,
            "dns_name": "dreams-app-lb-2dcb1b81b1a6a997.elb.ap-southeast-1.amazonaws.com",
            "drop_invalid_header_fields": null,
            "enable_cross_zone_load_balancing": true,
            "enable_deletion_protection": false,
            "enable_http2": null,
            "enable_waf_fail_open": null,
            "id": "arn:aws:elasticloadbalancing:ap-southeast-1:596917627629:loadbalancer/net/dreams-app-lb/2dcb1b81b1a6a997",
            "idle_timeout": null,
            "internal": true,
            "ip_address_type": "ipv4",
            "load_balancer_type": "network",
            "name": "dreams-app-lb",
            "name_prefix": null,
            "security_groups": [],
            "subnet_mapping": [
              {
                "allocation_id": "",
                "ipv6_address": "",
                "outpost_id": "",
                "private_ipv4_address": "",
                "subnet_id": "subnet-0b8137edef1a8fb3d"
              },
              {
                "allocation_id": "",
                "ipv6_address": "",
                "outpost_id": "",
                "private_ipv4_address": "",
                "subnet_id": "subnet-0fb70f5227a9fb003"
              }
            ],
            "subnets": [
              "subnet-0b8137edef1a8fb3d",
              "subnet-0fb70f5227a9fb003"
            ],
            "tags": null,
            "tags_all": {},
            "timeouts": null,
            "vpc_id": "vpc-04c79016177929144",
            "zone_id": "ZKVM4W9LS7TM"
          },
          "sensitive_attributes": [],
          "private": "eyJlMmJmYjczMC1lY2FhLTExZTYtOGY4OC0zNDM2M2JjN2M0YzAiOnsiY3JlYXRlIjo2MDAwMDAwMDAwMDAsImRlbGV0ZSI6NjAwMDAwMDAwMDAwLCJ1cGRhdGUiOjYwMDAwMDAwMDAwMH19",
          "dependencies": [
            "data.aws_subnet_ids.vpc_subnet"
          ],
          "create_before_destroy": true
        }
      ]
    },
    {
      "module": "module.main-loadbalancer",
      "mode": "managed",
      "type": "aws_lb_listener",
      "name": "tcp",
      "provider": "provider[\"registry.terraform.io/hashicorp/aws\"]",
      "instances": [
        {
          "schema_version": 0,
          "attributes": {
            "alpn_policy": null,
            "arn": "arn:aws:elasticloadbalancing:ap-southeast-1:596917627629:listener/net/dreams-app-lb/2dcb1b81b1a6a997/5dfa038039c36c74",
            "certificate_arn": null,
            "default_action": [
              {
                "authenticate_cognito": [],
                "authenticate_oidc": [],
                "fixed_response": [],
                "forward": [],
                "order": 1,
                "redirect": [],
                "target_group_arn": "arn:aws:elasticloadbalancing:ap-southeast-1:596917627629:targetgroup/dreams-app-tg/bd5d81bb5222551e",
                "type": "forward"
              }
            ],
            "id": "arn:aws:elasticloadbalancing:ap-southeast-1:596917627629:listener/net/dreams-app-lb/2dcb1b81b1a6a997/5dfa038039c36c74",
            "load_balancer_arn": "arn:aws:elasticloadbalancing:ap-southeast-1:596917627629:loadbalancer/net/dreams-app-lb/2dcb1b81b1a6a997",
            "port": 80,
            "protocol": "TCP",
            "ssl_policy": "",
            "tags": null,
            "tags_all": {},
            "timeouts": null
          },
          "sensitive_attributes": [],
          "private": "eyJlMmJmYjczMC1lY2FhLTExZTYtOGY4OC0zNDM2M2JjN2M0YzAiOnsicmVhZCI6NjAwMDAwMDAwMDAwfX0=",
          "dependencies": [
            "data.aws_subnet_ids.vpc_subnet",
            "data.aws_vpc.vpc",
            "module.main-loadbalancer.aws_lb.main",
            "module.main-loadbalancer.aws_lb_target_group.main"
          ]
        }
      ]
    },
    {
      "module": "module.main-loadbalancer",
      "mode": "managed",
      "type": "aws_lb_target_group",
      "name": "main",
      "provider": "provider[\"registry.terraform.io/hashicorp/aws\"]",
      "instances": [
        {
          "schema_version": 0,
          "attributes": {
            "arn": "arn:aws:elasticloadbalancing:ap-southeast-1:596917627629:targetgroup/dreams-app-tg/bd5d81bb5222551e",
            "arn_suffix": "targetgroup/dreams-app-tg/bd5d81bb5222551e",
            "connection_termination": false,
            "deregistration_delay": "300",
            "health_check": [
              {
                "enabled": true,
                "healthy_threshold": 3,
                "interval": 30,
                "matcher": "",
                "path": "",
                "port": "8080",
                "protocol": "TCP",
                "timeout": 10,
                "unhealthy_threshold": 3
              }
            ],
            "id": "arn:aws:elasticloadbalancing:ap-southeast-1:596917627629:targetgroup/dreams-app-tg/bd5d81bb5222551e",
            "lambda_multi_value_headers_enabled": false,
            "load_balancing_algorithm_type": null,
            "name": "dreams-app-tg",
            "name_prefix": null,
            "port": 8080,
            "preserve_client_ip": "false",
            "protocol": "TCP",
            "protocol_version": null,
            "proxy_protocol_v2": false,
            "slow_start": 0,
            "stickiness": [
              {
                "cookie_duration": 0,
                "cookie_name": "",
                "enabled": false,
                "type": "source_ip"
              }
            ],
            "tags": null,
            "tags_all": {},
            "target_type": "ip",
            "vpc_id": "vpc-04c79016177929144"
          },
          "sensitive_attributes": [],
          "private": "bnVsbA==",
          "dependencies": [
            "data.aws_vpc.vpc"
          ],
          "create_before_destroy": true
        }
      ]
    },
    {
      "module": "module.service-main",
      "mode": "managed",
      "type": "aws_ecs_service",
      "name": "main",
      "provider": "provider[\"registry.terraform.io/hashicorp/aws\"]",
      "instances": [
        {
          "schema_version": 0,
          "attributes": {
            "capacity_provider_strategy": [],
            "cluster": "arn:aws:ecs:ap-southeast-1:596917627629:cluster/dreams-app-cluster",
            "deployment_circuit_breaker": [
              {
                "enable": false,
                "rollback": false
              }
            ],
            "deployment_controller": [
              {
                "type": "ECS"
              }
            ],
            "deployment_maximum_percent": 200,
            "deployment_minimum_healthy_percent": 100,
            "desired_count": 1,
            "enable_ecs_managed_tags": false,
            "enable_execute_command": false,
            "force_new_deployment": null,
            "health_check_grace_period_seconds": 0,
            "iam_role": "aws-service-role",
            "id": "arn:aws:ecs:ap-southeast-1:596917627629:service/dreams-app-cluster/main-service",
            "launch_type": "FARGATE",
            "load_balancer": [
              {
                "container_name": "app",
                "container_port": 8080,
                "elb_name": "",
                "target_group_arn": "arn:aws:elasticloadbalancing:ap-southeast-1:596917627629:targetgroup/dreams-app-tg/bd5d81bb5222551e"
              }
            ],
            "name": "main-service",
            "network_configuration": [
              {
                "assign_public_ip": true,
                "security_groups": [
                  "sg-049f7d36eb627a504"
                ],
                "subnets": [
                  "subnet-0b8137edef1a8fb3d",
                  "subnet-0fb70f5227a9fb003"
                ]
              }
            ],
            "ordered_placement_strategy": [],
            "placement_constraints": [],
            "platform_version": "1.4.0",
            "propagate_tags": "NONE",
            "scheduling_strategy": "REPLICA",
            "service_registries": [],
            "tags": null,
            "tags_all": {},
            "task_definition": "arn:aws:ecs:ap-southeast-1:596917627629:task-definition/dm-main-task-definition:33",
            "timeouts": null,
            "wait_for_steady_state": false
          },
          "sensitive_attributes": [],
          "private": "eyJlMmJmYjczMC1lY2FhLTExZTYtOGY4OC0zNDM2M2JjN2M0YzAiOnsiZGVsZXRlIjoxMjAwMDAwMDAwMDAwfX0=",
          "dependencies": [
            "data.aws_subnet_ids.vpc_subnet",
            "data.aws_vpc.vpc",
            "module.ecs.aws_ecs_cluster.main",
            "module.ecs.aws_iam_policy.app-mesh-envoy",
            "module.ecs.aws_iam_policy.cognito",
            "module.ecs.aws_iam_policy.ecr",
            "module.ecs.aws_iam_policy.invoke_lambda",
            "module.ecs.aws_iam_policy.s3",
            "module.ecs.aws_iam_policy.xray",
            "module.ecs.aws_iam_role.ecs_task_execution_role",
            "module.ecs.aws_iam_role.ecs_task_role",
            "module.main-loadbalancer.aws_lb_target_group.main",
            "module.service-main.aws_ecs_task_definition.main",
            "module.service-main.aws_security_group.ecs_tasks"
          ]
        }
      ]
    },
    {
      "module": "module.service-main",
      "mode": "managed",
      "type": "aws_ecs_task_definition",
      "name": "main",
      "provider": "provider[\"registry.terraform.io/hashicorp/aws\"]",
      "instances": [
        {
          "schema_version": 1,
          "attributes": {
            "arn": "arn:aws:ecs:ap-southeast-1:596917627629:task-definition/dm-main-task-definition:33",
            "container_definitions": "[{\"cpu\":0,\"environment\":[],\"essential\":true,\"healthCheck\":{\"command\":[\"CMD-SHELL\",\"wget --spider http://localhost:8080/admin/health || exit 1\"],\"interval\":100,\"retries\":5,\"startPeriod\":100,\"timeout\":5},\"image\":\"596917627629.dkr.ecr.ap-southeast-1.amazonaws.com/dreams-service-app:latest\",\"logConfiguration\":{\"logDriver\":\"awsfirelens\",\"options\":{\"Format\":\"json\",\"Header Authorization Bearer\":\"eyJhbGciOiJSUzI1NiIsInR5cCI6IkpXVCJ9.eyJhY2Nlc3MiOltdLCJhdWQiOiJsb2dpcS1jbGllbnRzIiwianRpIjoiMTc4MWMzZGYtZjYzOC00YTRhLTgzZDktOTc2NjBmNTE4ZDNjIiwiaWF0IjoxNjMxMzQwMjY4LCJpc3MiOiJsb2dpcS1jb2ZmZWUtc2VydmVyIiwibmJmIjoxNjMxMzQwMjY4LCJzdWIiOiJmbGFzaC1hZG1pbkBmb28uY29tIiwiVWlkIjoxLCJyb2xlIjoiYWRtaW4ifQ.azOzCXiBGY5PKvRVKTX07yCBrxxDP8zbEbPMTbVrYMs51zEI2VHIXDWrt3sYz92XORZtDCEgfHZaOJV9IYPucyJbOfgUbqPpowKBISaeIjqegqLfulIOj-eSnEiria0JY4jZwJBLfuXgUOlEIPGi1kAndkpVffbxIB4X3rHuGOZsACLtWIOSOJ8wR0OTDT-LVim2FtLFUFtc1TPZdTfhpX-QFHxnCWO1cmrCNz78bJ9JOA-tlWVwd6otgUE2kXZedXRPzLYVAclE88JMecXrCkqM8LDNIVwB1P3IG2XKOyve_6aKG6tqvvXgSHLl1DaQy9wC_OB0ij6RpAFapSK2Vw\",\"Host\":\"gj.logiq.ai\",\"Match\":\"*\",\"Name\":\"http\",\"Port\":\"443\",\"URI\":\"/v1/json_batch\",\"compress\":\"gzip\",\"net.keepalive\":\"off\",\"tls\":\"on\",\"tls.verify\":\"off\"}},\"mountPoints\":[],\"name\":\"app\",\"portMappings\":[{\"containerPort\":8080,\"hostPort\":8080,\"protocol\":\"tcp\"}],\"secrets\":[{\"name\":\"CODE_COMMIT_ACCESSKEY\",\"valueFrom\":\"arn:aws:ssm:ap-southeast-1:596917627629:parameter/CODE_COMMIT_ACCESSKEY\"},{\"name\":\"CODE_COMMIT_SECRETKEY\",\"valueFrom\":\"arn:aws:ssm:ap-southeast-1:596917627629:parameter/CODE_COMMIT_SECRETKEY\"}],\"volumesFrom\":[]},{\"cpu\":0,\"environment\":[],\"essential\":false,\"firelensConfiguration\":{\"options\":{\"config-file-type\":\"file\",\"config-file-value\":\"/fluent-bit/configs/parse-json.conf\"},\"type\":\"fluentbit\"},\"image\":\"906394416424.dkr.ecr.us-east-2.amazonaws.com/aws-for-fluent-bit:latest\",\"mountPoints\":[],\"name\":\"log_driver\",\"portMappings\":[],\"user\":\"0\",\"volumesFrom\":[]}]",
            "cpu": "1024",
            "ephemeral_storage": [],
            "execution_role_arn": "arn:aws:iam::596917627629:role/dreams-app-ecsTaskExecutionRole",
            "family": "dm-main-task-definition",
            "id": "dm-main-task-definition",
            "inference_accelerator": [],
            "ipc_mode": "",
            "memory": "2048",
            "network_mode": "awsvpc",
            "pid_mode": "",
            "placement_constraints": [],
            "proxy_configuration": [],
            "requires_compatibilities": [
              "FARGATE"
            ],
            "revision": 33,
            "runtime_platform": [],
            "skip_destroy": false,
            "tags": null,
            "tags_all": {},
            "task_role_arn": "arn:aws:iam::596917627629:role/dreams-app-ecsTaskRole",
            "volume": []
          },
          "sensitive_attributes": [],
          "private": "eyJzY2hlbWFfdmVyc2lvbiI6IjEifQ==",
          "dependencies": [
            "module.ecs.aws_iam_policy.app-mesh-envoy",
            "module.ecs.aws_iam_policy.cognito",
            "module.ecs.aws_iam_policy.ecr",
            "module.ecs.aws_iam_policy.invoke_lambda",
            "module.ecs.aws_iam_policy.s3",
            "module.ecs.aws_iam_policy.xray",
            "module.ecs.aws_iam_role.ecs_task_execution_role",
            "module.ecs.aws_iam_role.ecs_task_role"
          ]
        }
      ]
    },
    {
      "module": "module.service-main",
      "mode": "managed",
      "type": "aws_security_group",
      "name": "ecs_tasks",
      "provider": "provider[\"registry.terraform.io/hashicorp/aws\"]",
      "instances": [
        {
          "schema_version": 1,
          "attributes": {
            "arn": "arn:aws:ec2:ap-southeast-1:596917627629:security-group/sg-049f7d36eb627a504",
            "description": "Managed by Terraform",
            "egress": [
              {
                "cidr_blocks": [
                  "0.0.0.0/0"
                ],
                "description": "",
                "from_port": 0,
                "ipv6_cidr_blocks": [
                  "::/0"
                ],
                "prefix_list_ids": [],
                "protocol": "-1",
                "security_groups": [],
                "self": false,
                "to_port": 0
              }
            ],
            "id": "sg-049f7d36eb627a504",
            "ingress": [
              {
                "cidr_blocks": [
                  "10.0.0.0/16"
                ],
                "description": "",
                "from_port": 0,
                "ipv6_cidr_blocks": [],
                "prefix_list_ids": [],
                "protocol": "-1",
                "security_groups": [],
                "self": false,
                "to_port": 0
              },
              {
                "cidr_blocks": [],
                "description": "",
                "from_port": 8080,
                "ipv6_cidr_blocks": [],
                "prefix_list_ids": [],
                "protocol": "tcp",
                "security_groups": [],
                "self": true,
                "to_port": 8080
              }
            ],
            "name": "dm-main-sg-task",
            "name_prefix": "",
            "owner_id": "596917627629",
            "revoke_rules_on_delete": false,
            "tags": null,
            "tags_all": {},
            "timeouts": null,
            "vpc_id": "vpc-04c79016177929144"
          },
          "sensitive_attributes": [],
          "private": "eyJlMmJmYjczMC1lY2FhLTExZTYtOGY4OC0zNDM2M2JjN2M0YzAiOnsiY3JlYXRlIjo2MDAwMDAwMDAwMDAsImRlbGV0ZSI6OTAwMDAwMDAwMDAwfSwic2NoZW1hX3ZlcnNpb24iOiIxIn0=",
          "dependencies": [
            "data.aws_vpc.vpc"
          ]
        }
      ]
    },
    {
      "module": "module.vpc_link",
      "mode": "managed",
      "type": "aws_api_gateway_vpc_link",
      "name": "main",
      "provider": "provider[\"registry.terraform.io/hashicorp/aws\"]",
      "instances": [
        {
          "status": "tainted",
          "schema_version": 0,
          "attributes": {
            "arn": null,
            "description": "Connection to load balancer",
            "id": "ilvbps",
            "name": "dreams-app-vpc-link",
            "tags": null,
            "tags_all": null,
            "target_arns": [
              "arn:aws:elasticloadbalancing:ap-southeast-1:596917627629:targetgroup/dreams-app-tg/bd5d81bb5222551e"
            ]
          },
          "sensitive_attributes": [],
          "private": "bnVsbA==",
          "dependencies": [
            "data.aws_vpc.vpc",
            "module.main-loadbalancer.aws_lb_target_group.main"
          ],
          "create_before_destroy": true
        }
      ]
    }
  ]
}
